
Microsoft Visual Studio Solution File, Format Version 12.00
# Visual Studio Version 17
VisualStudioVersion = 17.1.32210.238
MinimumVisualStudioVersion = 10.0.40219.1
Project("{FAE04EC0-301F-11D3-BF4B-00C04F79EFBC}") = "VentasTransaction", "VentasTransaction\VentasTransaction.csproj", "{C648B89B-2D7F-4593-8A72-4D44CDA3C6A2}"
EndProject
Project("{FAE04EC0-301F-11D3-BF4B-00C04F79EFBC}") = "AccesoDatos", "AccesoDatos\AccesoDatos.csproj", "{C6E22B9B-8A25-47A3-BD1D-80E7959227E0}"
EndProject
Global
	GlobalSection(SolutionConfigurationPlatforms) = preSolution
		Debug|Any CPU = Debug|Any CPU
		Release|Any CPU = Release|Any CPU
	EndGlobalSection
	GlobalSection(ProjectConfigurationPlatforms) = postSolution
		{C648B89B-2D7F-4593-8A72-4D44CDA3C6A2}.Debug|Any CPU.ActiveCfg = Debug|Any CPU
		{C648B89B-2D7F-4593-8A72-4D44CDA3C6A2}.Debug|Any CPU.Build.0 = Debug|Any CPU
		{C648B89B-2D7F-4593-8A72-4D44CDA3C6A2}.Release|Any CPU.ActiveCfg = Release|Any CPU
		{C648B89B-2D7F-4593-8A72-4D44CDA3C6A2}.Release|Any CPU.Build.0 = Release|Any CPU
		{C6E22B9B-8A25-47A3-BD1D-80E7959227E0}.Debug|Any CPU.ActiveCfg = Debug|Any CPU
		{C6E22B9B-8A25-47A3-BD1D-80E7959227E0}.Debug|Any CPU.Build.0 = Debug|Any CPU
		{C6E22B9B-8A25-47A3-BD1D-80E7959227E0}.Release|Any CPU.ActiveCfg = Release|Any CPU
		{C6E22B9B-8A25-47A3-BD1D-80E7959227E0}.Release|Any CPU.Build.0 = Release|Any CPU
	EndGlobalSection
	GlobalSection(SolutionProperties) = preSolution
		HideSolutionNode = FALSE
	EndGlobalSection
	GlobalSection(ExtensibilityGlobals) = postSolution
		SolutionGuid = {08022F1F-3B5A-4115-86E6-22287DA35903}
	EndGlobalSection
EndGlobal
